
Microsoft Visual Studio Solution File, Format Version 12.00
# Visual Studio Express 2012 for Windows Desktop
Project("{FAE04EC0-301F-11D3-BF4B-00C04F79EFBC}") = "Level_0E", "Level_0E\Level_0E.csproj", "{3F9C40F2-E25F-41D8-9AA9-47688FFAD663}"
EndProject
Global
	GlobalSection(SolutionConfigurationPlatforms) = preSolution
		Debug|Any CPU = Debug|Any CPU
		Release|Any CPU = Release|Any CPU
	EndGlobalSection
	GlobalSection(ProjectConfigurationPlatforms) = postSolution
		{3F9C40F2-E25F-41D8-9AA9-47688FFAD663}.Debug|Any CPU.ActiveCfg = Debug|Any CPU
		{3F9C40F2-E25F-41D8-9AA9-47688FFAD663}.Debug|Any CPU.Build.0 = Debug|Any CPU
		{3F9C40F2-E25F-41D8-9AA9-47688FFAD663}.Debug|Any CPU.Deploy.0 = Debug|Any CPU
		{3F9C40F2-E25F-41D8-9AA9-47688FFAD663}.Release|Any CPU.ActiveCfg = Release|Any CPU
		{3F9C40F2-E25F-41D8-9AA9-47688FFAD663}.Release|Any CPU.Build.0 = Release|Any CPU
		{3F9C40F2-E25F-41D8-9AA9-47688FFAD663}.Release|Any CPU.Deploy.0 = Release|Any CPU
	EndGlobalSection
	GlobalSection(SolutionProperties) = preSolution
		HideSolutionNode = FALSE
	EndGlobalSection
EndGlobal
