
Microsoft Visual Studio Solution File, Format Version 12.00
# Visual Studio Express 2012 for Windows Desktop
Project("{FAE04EC0-301F-11D3-BF4B-00C04F79EFBC}") = "Level_1E", "Level_1E\Level_1E.csproj", "{A9803179-42C1-435D-BB5B-7A7174B6744C}"
EndProject
Global
	GlobalSection(SolutionConfigurationPlatforms) = preSolution
		Debug|Any CPU = Debug|Any CPU
		Release|Any CPU = Release|Any CPU
	EndGlobalSection
	GlobalSection(ProjectConfigurationPlatforms) = postSolution
		{A9803179-42C1-435D-BB5B-7A7174B6744C}.Debug|Any CPU.ActiveCfg = Debug|Any CPU
		{A9803179-42C1-435D-BB5B-7A7174B6744C}.Debug|Any CPU.Build.0 = Debug|Any CPU
		{A9803179-42C1-435D-BB5B-7A7174B6744C}.Debug|Any CPU.Deploy.0 = Debug|Any CPU
		{A9803179-42C1-435D-BB5B-7A7174B6744C}.Release|Any CPU.ActiveCfg = Release|Any CPU
		{A9803179-42C1-435D-BB5B-7A7174B6744C}.Release|Any CPU.Build.0 = Release|Any CPU
		{A9803179-42C1-435D-BB5B-7A7174B6744C}.Release|Any CPU.Deploy.0 = Release|Any CPU
	EndGlobalSection
	GlobalSection(SolutionProperties) = preSolution
		HideSolutionNode = FALSE
	EndGlobalSection
EndGlobal
