
Microsoft Visual Studio Solution File, Format Version 12.00
# Visual Studio Express 2012 for Windows Desktop
Project("{FAE04EC0-301F-11D3-BF4B-00C04F79EFBC}") = "SDTest", "SDTest\SDTest.csproj", "{016CF10F-4A74-4249-ACB7-BD3B9E326B07}"
EndProject
Global
	GlobalSection(SolutionConfigurationPlatforms) = preSolution
		Debug|Any CPU = Debug|Any CPU
		Release|Any CPU = Release|Any CPU
	EndGlobalSection
	GlobalSection(ProjectConfigurationPlatforms) = postSolution
		{016CF10F-4A74-4249-ACB7-BD3B9E326B07}.Debug|Any CPU.ActiveCfg = Debug|Any CPU
		{016CF10F-4A74-4249-ACB7-BD3B9E326B07}.Debug|Any CPU.Build.0 = Debug|Any CPU
		{016CF10F-4A74-4249-ACB7-BD3B9E326B07}.Debug|Any CPU.Deploy.0 = Debug|Any CPU
		{016CF10F-4A74-4249-ACB7-BD3B9E326B07}.Release|Any CPU.ActiveCfg = Release|Any CPU
		{016CF10F-4A74-4249-ACB7-BD3B9E326B07}.Release|Any CPU.Build.0 = Release|Any CPU
		{016CF10F-4A74-4249-ACB7-BD3B9E326B07}.Release|Any CPU.Deploy.0 = Release|Any CPU
	EndGlobalSection
	GlobalSection(SolutionProperties) = preSolution
		HideSolutionNode = FALSE
	EndGlobalSection
EndGlobal
